
Microsoft Visual Studio Solution File, Format Version 12.00
# Visual Studio 15
VisualStudioVersion = 15.0.28010.2016
MinimumVisualStudioVersion = 10.0.40219.1
Project("{FAE04EC0-301F-11D3-BF4B-00C04F79EFBC}") = "FileSplitter", "FileSplitter\FileSplitter.csproj", "{93CA873A-D901-4646-9D73-D5194AACF05D}"
EndProject
Project("{FAE04EC0-301F-11D3-BF4B-00C04F79EFBC}") = "FizzWriter", "FizzWriter\FizzWriter.csproj", "{688C453A-447B-40FD-8A27-E307381A68D2}"
EndProject
Global
	GlobalSection(SolutionConfigurationPlatforms) = preSolution
		Debug|Any CPU = Debug|Any CPU
		Release|Any CPU = Release|Any CPU
	EndGlobalSection
	GlobalSection(ProjectConfigurationPlatforms) = postSolution
		{93CA873A-D901-4646-9D73-D5194AACF05D}.Debug|Any CPU.ActiveCfg = Debug|Any CPU
		{93CA873A-D901-4646-9D73-D5194AACF05D}.Debug|Any CPU.Build.0 = Debug|Any CPU
		{93CA873A-D901-4646-9D73-D5194AACF05D}.Release|Any CPU.ActiveCfg = Release|Any CPU
		{93CA873A-D901-4646-9D73-D5194AACF05D}.Release|Any CPU.Build.0 = Release|Any CPU
		{688C453A-447B-40FD-8A27-E307381A68D2}.Debug|Any CPU.ActiveCfg = Debug|Any CPU
		{688C453A-447B-40FD-8A27-E307381A68D2}.Debug|Any CPU.Build.0 = Debug|Any CPU
		{688C453A-447B-40FD-8A27-E307381A68D2}.Release|Any CPU.ActiveCfg = Release|Any CPU
		{688C453A-447B-40FD-8A27-E307381A68D2}.Release|Any CPU.Build.0 = Release|Any CPU
	EndGlobalSection
	GlobalSection(SolutionProperties) = preSolution
		HideSolutionNode = FALSE
	EndGlobalSection
	GlobalSection(ExtensibilityGlobals) = postSolution
		SolutionGuid = {F31102C5-9F93-400F-954E-089BD2C3C5E0}
	EndGlobalSection
EndGlobal
