
Microsoft Visual Studio Solution File, Format Version 12.00
# Visual Studio 15
VisualStudioVersion = 15.0.28307.168
MinimumVisualStudioVersion = 10.0.40219.1
Project("{9A19103F-16F7-4668-BE54-9A1E7A4F7556}") = "ProjectOrganizer", "ProjectOrganizer\ProjectOrganizer.csproj", "{AB2433C8-2D57-4AC5-876F-3BEDC389561B}"
EndProject
Project("{FAE04EC0-301F-11D3-BF4B-00C04F79EFBC}") = "ProjectOrganizer.Tests", "ProjectOrganizer.Tests\ProjectOrganizer.Tests.csproj", "{0102394D-2970-401A-8844-F810135D0E65}"
EndProject
Global
	GlobalSection(SolutionConfigurationPlatforms) = preSolution
		Debug|Any CPU = Debug|Any CPU
		Release|Any CPU = Release|Any CPU
	EndGlobalSection
	GlobalSection(ProjectConfigurationPlatforms) = postSolution
		{AB2433C8-2D57-4AC5-876F-3BEDC389561B}.Debug|Any CPU.ActiveCfg = Debug|Any CPU
		{AB2433C8-2D57-4AC5-876F-3BEDC389561B}.Debug|Any CPU.Build.0 = Debug|Any CPU
		{AB2433C8-2D57-4AC5-876F-3BEDC389561B}.Release|Any CPU.ActiveCfg = Release|Any CPU
		{AB2433C8-2D57-4AC5-876F-3BEDC389561B}.Release|Any CPU.Build.0 = Release|Any CPU
		{0102394D-2970-401A-8844-F810135D0E65}.Debug|Any CPU.ActiveCfg = Debug|Any CPU
		{0102394D-2970-401A-8844-F810135D0E65}.Debug|Any CPU.Build.0 = Debug|Any CPU
		{0102394D-2970-401A-8844-F810135D0E65}.Release|Any CPU.ActiveCfg = Release|Any CPU
		{0102394D-2970-401A-8844-F810135D0E65}.Release|Any CPU.Build.0 = Release|Any CPU
	EndGlobalSection
	GlobalSection(SolutionProperties) = preSolution
		HideSolutionNode = FALSE
	EndGlobalSection
	GlobalSection(ExtensibilityGlobals) = postSolution
		SolutionGuid = {06FF90E7-1491-4A40-A375-3F97DF811195}
	EndGlobalSection
EndGlobal
