
Microsoft Visual Studio Solution File, Format Version 12.00
# Visual Studio 15
VisualStudioVersion = 15.0.28010.2016
MinimumVisualStudioVersion = 10.0.40219.1
Project("{FAE04EC0-301F-11D3-BF4B-00C04F79EFBC}") = "QuizMaker", "QuizMaker\QuizMaker.csproj", "{F20A20E8-D9F5-4E7F-87E7-444F42D59736}"
EndProject
Project("{FAE04EC0-301F-11D3-BF4B-00C04F79EFBC}") = "WordSearch", "WordSearch\WordSearch.csproj", "{3EDA8A0A-E416-40F3-B850-10348A722101}"
EndProject
Global
	GlobalSection(SolutionConfigurationPlatforms) = preSolution
		Debug|Any CPU = Debug|Any CPU
		Release|Any CPU = Release|Any CPU
	EndGlobalSection
	GlobalSection(ProjectConfigurationPlatforms) = postSolution
		{F20A20E8-D9F5-4E7F-87E7-444F42D59736}.Debug|Any CPU.ActiveCfg = Debug|Any CPU
		{F20A20E8-D9F5-4E7F-87E7-444F42D59736}.Debug|Any CPU.Build.0 = Debug|Any CPU
		{F20A20E8-D9F5-4E7F-87E7-444F42D59736}.Release|Any CPU.ActiveCfg = Release|Any CPU
		{F20A20E8-D9F5-4E7F-87E7-444F42D59736}.Release|Any CPU.Build.0 = Release|Any CPU
		{3EDA8A0A-E416-40F3-B850-10348A722101}.Debug|Any CPU.ActiveCfg = Debug|Any CPU
		{3EDA8A0A-E416-40F3-B850-10348A722101}.Debug|Any CPU.Build.0 = Debug|Any CPU
		{3EDA8A0A-E416-40F3-B850-10348A722101}.Release|Any CPU.ActiveCfg = Release|Any CPU
		{3EDA8A0A-E416-40F3-B850-10348A722101}.Release|Any CPU.Build.0 = Release|Any CPU
	EndGlobalSection
	GlobalSection(SolutionProperties) = preSolution
		HideSolutionNode = FALSE
	EndGlobalSection
	GlobalSection(ExtensibilityGlobals) = postSolution
		SolutionGuid = {6060D8E5-E22A-47CE-A330-D58285991B1B}
	EndGlobalSection
EndGlobal
