
Microsoft Visual Studio Solution File, Format Version 12.00
# Visual Studio 15
VisualStudioVersion = 15.0.28307.271
MinimumVisualStudioVersion = 10.0.40219.1
Project("{9A19103F-16F7-4668-BE54-9A1E7A4F7556}") = "BankTellerExercise", "BankTellerExercise\BankTellerExercise.csproj", "{CDE8D6A8-3772-4EA8-A17B-00358EF5B2D4}"
EndProject
Project("{FAE04EC0-301F-11D3-BF4B-00C04F79EFBC}") = "BankTellerExercise.Tests", "BankTellerExercise.Tests\BankTellerExercise.Tests.csproj", "{E9E54F0A-5C91-4DC4-A4F2-DE67A78E7AAC}"
EndProject
Global
	GlobalSection(SolutionConfigurationPlatforms) = preSolution
		Debug|Any CPU = Debug|Any CPU
		Release|Any CPU = Release|Any CPU
	EndGlobalSection
	GlobalSection(ProjectConfigurationPlatforms) = postSolution
		{CDE8D6A8-3772-4EA8-A17B-00358EF5B2D4}.Debug|Any CPU.ActiveCfg = Debug|Any CPU
		{CDE8D6A8-3772-4EA8-A17B-00358EF5B2D4}.Debug|Any CPU.Build.0 = Debug|Any CPU
		{CDE8D6A8-3772-4EA8-A17B-00358EF5B2D4}.Release|Any CPU.ActiveCfg = Release|Any CPU
		{CDE8D6A8-3772-4EA8-A17B-00358EF5B2D4}.Release|Any CPU.Build.0 = Release|Any CPU
		{E9E54F0A-5C91-4DC4-A4F2-DE67A78E7AAC}.Debug|Any CPU.ActiveCfg = Debug|Any CPU
		{E9E54F0A-5C91-4DC4-A4F2-DE67A78E7AAC}.Debug|Any CPU.Build.0 = Debug|Any CPU
		{E9E54F0A-5C91-4DC4-A4F2-DE67A78E7AAC}.Release|Any CPU.ActiveCfg = Release|Any CPU
		{E9E54F0A-5C91-4DC4-A4F2-DE67A78E7AAC}.Release|Any CPU.Build.0 = Release|Any CPU
	EndGlobalSection
	GlobalSection(SolutionProperties) = preSolution
		HideSolutionNode = FALSE
	EndGlobalSection
	GlobalSection(ExtensibilityGlobals) = postSolution
		SolutionGuid = {EE007979-B682-4859-82DD-329924673BCB}
	EndGlobalSection
EndGlobal
