
Microsoft Visual Studio Solution File, Format Version 12.00
# Visual Studio 15
VisualStudioVersion = 15.0.28010.2016
MinimumVisualStudioVersion = 10.0.40219.1
Project("{FAE04EC0-301F-11D3-BF4B-00C04F79EFBC}") = "BankTellerExercise", "BankTellerExercise\BankTellerExercise.csproj", "{93E4393C-9FCA-45C9-869A-4D1C2F6227C6}"
EndProject
Project("{FAE04EC0-301F-11D3-BF4B-00C04F79EFBC}") = "Exercises.Tests", "Exercises.Tests\Exercises.Tests.csproj", "{5A93F6BD-B002-45BE-B2A2-0C77B170377D}"
EndProject
Global
	GlobalSection(SolutionConfigurationPlatforms) = preSolution
		Debug|Any CPU = Debug|Any CPU
		Release|Any CPU = Release|Any CPU
	EndGlobalSection
	GlobalSection(ProjectConfigurationPlatforms) = postSolution
		{6F51F1CE-170C-4D31-99FC-45BD7A8FF40D}.Debug|Any CPU.ActiveCfg = Debug|Any CPU
		{6F51F1CE-170C-4D31-99FC-45BD7A8FF40D}.Debug|Any CPU.Build.0 = Debug|Any CPU
		{6F51F1CE-170C-4D31-99FC-45BD7A8FF40D}.Release|Any CPU.ActiveCfg = Release|Any CPU
		{6F51F1CE-170C-4D31-99FC-45BD7A8FF40D}.Release|Any CPU.Build.0 = Release|Any CPU
		{93E4393C-9FCA-45C9-869A-4D1C2F6227C6}.Debug|Any CPU.ActiveCfg = Debug|Any CPU
		{93E4393C-9FCA-45C9-869A-4D1C2F6227C6}.Debug|Any CPU.Build.0 = Debug|Any CPU
		{93E4393C-9FCA-45C9-869A-4D1C2F6227C6}.Release|Any CPU.ActiveCfg = Release|Any CPU
		{93E4393C-9FCA-45C9-869A-4D1C2F6227C6}.Release|Any CPU.Build.0 = Release|Any CPU
		{5A93F6BD-B002-45BE-B2A2-0C77B170377D}.Debug|Any CPU.ActiveCfg = Debug|Any CPU
		{5A93F6BD-B002-45BE-B2A2-0C77B170377D}.Debug|Any CPU.Build.0 = Debug|Any CPU
		{5A93F6BD-B002-45BE-B2A2-0C77B170377D}.Release|Any CPU.ActiveCfg = Release|Any CPU
		{5A93F6BD-B002-45BE-B2A2-0C77B170377D}.Release|Any CPU.Build.0 = Release|Any CPU
	EndGlobalSection
	GlobalSection(SolutionProperties) = preSolution
		HideSolutionNode = FALSE
	EndGlobalSection
	GlobalSection(ExtensibilityGlobals) = postSolution
		SolutionGuid = {278A61A2-5EC3-49AD-9D77-6F0FBBBF0364}
	EndGlobalSection
EndGlobal
