
Microsoft Visual Studio Solution File, Format Version 12.00
# Visual Studio 15
VisualStudioVersion = 15.0.28010.2016
MinimumVisualStudioVersion = 10.0.40219.1
Project("{FAE04EC0-301F-11D3-BF4B-00C04F79EFBC}") = "Exercises", "Exercises\Exercises.csproj", "{942D75D7-5619-40BA-A09E-8ACB4EA44511}"
EndProject
Project("{FAE04EC0-301F-11D3-BF4B-00C04F79EFBC}") = "Exercises.Tests", "Exercises.Tests\Exercises.Tests.csproj", "{BFDC6B23-B6E4-4385-8826-B57CA96AE5A1}"
EndProject
Global
	GlobalSection(SolutionConfigurationPlatforms) = preSolution
		Debug|Any CPU = Debug|Any CPU
		Release|Any CPU = Release|Any CPU
	EndGlobalSection
	GlobalSection(ProjectConfigurationPlatforms) = postSolution
		{942D75D7-5619-40BA-A09E-8ACB4EA44511}.Debug|Any CPU.ActiveCfg = Debug|Any CPU
		{942D75D7-5619-40BA-A09E-8ACB4EA44511}.Debug|Any CPU.Build.0 = Debug|Any CPU
		{942D75D7-5619-40BA-A09E-8ACB4EA44511}.Release|Any CPU.ActiveCfg = Release|Any CPU
		{942D75D7-5619-40BA-A09E-8ACB4EA44511}.Release|Any CPU.Build.0 = Release|Any CPU
		{BFDC6B23-B6E4-4385-8826-B57CA96AE5A1}.Debug|Any CPU.ActiveCfg = Debug|Any CPU
		{BFDC6B23-B6E4-4385-8826-B57CA96AE5A1}.Debug|Any CPU.Build.0 = Debug|Any CPU
		{BFDC6B23-B6E4-4385-8826-B57CA96AE5A1}.Release|Any CPU.ActiveCfg = Release|Any CPU
		{BFDC6B23-B6E4-4385-8826-B57CA96AE5A1}.Release|Any CPU.Build.0 = Release|Any CPU
	EndGlobalSection
	GlobalSection(SolutionProperties) = preSolution
		HideSolutionNode = FALSE
	EndGlobalSection
	GlobalSection(ExtensibilityGlobals) = postSolution
		SolutionGuid = {BB31390D-6A0C-4A49-BBE0-2B4CD97BF114}
	EndGlobalSection
EndGlobal
